<?xml version="1.0" encoding="utf-8"?>
<Project ToolsVersion="4.0" xmlns="http://schemas.microsoft.com/developer/msbuild/2003">
  <ItemGroup>
    <Filter Include="cpp">
      <UniqueIdentifier>{E866880B-5470-887C-DDEB-9E7C49F4937C}</UniqueIdentifier>
    </Filter>
    <Filter Include="include">
      <UniqueIdentifier>{89AF369E-F58E-B539-FEA6-40106A051C9B}</UniqueIdentifier>
    </Filter>
  </ItemGroup>
  <ItemGroup>
    <ClInclude Include="src\include\Chunk.hpp">
      <Filter>include</Filter>
    </ClInclude>
    <ClInclude Include="src\include\Common.hpp">
      <Filter>include</Filter>
    </ClInclude>
    <ClInclude Include="src\include\Memory.hpp">
      <Filter>include</Filter>
    </ClInclude>
    <ClInclude Include="src\include\VirtualMachine.hpp">
      <Filter>include</Filter>
    </ClInclude>
  </ItemGroup>
  <ItemGroup>
    <ClCompile Include="src\cpp\Chunk.cpp">
      <Filter>cpp</Filter>
    </ClCompile>
    <ClCompile Include="src\cpp\Memory.cpp">
      <Filter>cpp</Filter>
    </ClCompile>
    <ClCompile Include="src\cpp\PythOwOn.cpp">
      <Filter>cpp</Filter>
    </ClCompile>
    <ClCompile Include="src\cpp\VirtualMachine.cpp">
      <Filter>cpp</Filter>
    </ClCompile>
  </ItemGroup>
</Project>